
Microsoft Visual Studio Solution File, Format Version 12.00
# Visual Studio Version 16
VisualStudioVersion = 16.0.28822.285
MinimumVisualStudioVersion = 10.0.40219.1
Project("{9A19103F-16F7-4668-BE54-9A1E7A4F7556}") = "ACACLC.Application", "ACACLC.Application\ACACLC.Application.csproj", "{F6C08922-4CA1-429C-A0EB-4252F9F3938E}"
EndProject
Project("{9A19103F-16F7-4668-BE54-9A1E7A4F7556}") = "ACACLC.UI", "ACACLC.UI\ACACLC.UI.csproj", "{4510812B-9D5B-479E-A65B-F6194D488814}"
EndProject
Project("{2150E333-8FDC-42A3-9474-1A3956D46DE8}") = "Common", "Common", "{006E7FD3-7E97-49A0-B3DE-9F550B58B22E}"
EndProject
Project("{2150E333-8FDC-42A3-9474-1A3956D46DE8}") = "Core", "Core", "{E896B923-A77B-49F7-8250-7C2F303081B3}"
EndProject
Project("{2150E333-8FDC-42A3-9474-1A3956D46DE8}") = "Infrastructure", "Infrastructure", "{3707E456-456E-498F-88C5-7CAC9D2F8392}"
EndProject
Project("{2150E333-8FDC-42A3-9474-1A3956D46DE8}") = "Src", "Src", "{546A213B-C12A-40EA-961F-0F420A51E8C7}"
EndProject
Project("{2150E333-8FDC-42A3-9474-1A3956D46DE8}") = "Build", "Build", "{E0D29630-922B-4382-AA66-53F96FD8B1F5}"
	ProjectSection(SolutionItems) = preProject
		.gitignore = .gitignore
		global.json = global.json
		MLWD.ruleset = MLWD.ruleset
	EndProjectSection
EndProject
Project("{2150E333-8FDC-42A3-9474-1A3956D46DE8}") = "Tests", "Tests", "{C5EB49E1-7911-4A98-9022-8EE14B0D3103}"
EndProject
Project("{FAE04EC0-301F-11D3-BF4B-00C04F79EFBC}") = "ACACLC.Infrastructure", "ACACLC.Infrasructure\ACACLC.Infrastructure.csproj", "{4E785E28-3863-432A-BA01-6D6B8B719839}"
EndProject
Project("{FAE04EC0-301F-11D3-BF4B-00C04F79EFBC}") = "ACACLC.DependencyResolution", "ACACLC.DependencyResolution\ACACLC.DependencyResolution.csproj", "{773FB4C6-B67B-4189-BDB3-F75998A7EC84}"
EndProject
Global
	GlobalSection(SolutionConfigurationPlatforms) = preSolution
		Debug|Any CPU = Debug|Any CPU
		Release|Any CPU = Release|Any CPU
	EndGlobalSection
	GlobalSection(ProjectConfigurationPlatforms) = postSolution
		{F6C08922-4CA1-429C-A0EB-4252F9F3938E}.Debug|Any CPU.ActiveCfg = Debug|Any CPU
		{F6C08922-4CA1-429C-A0EB-4252F9F3938E}.Debug|Any CPU.Build.0 = Debug|Any CPU
		{F6C08922-4CA1-429C-A0EB-4252F9F3938E}.Release|Any CPU.ActiveCfg = Release|Any CPU
		{F6C08922-4CA1-429C-A0EB-4252F9F3938E}.Release|Any CPU.Build.0 = Release|Any CPU
		{4510812B-9D5B-479E-A65B-F6194D488814}.Debug|Any CPU.ActiveCfg = Debug|Any CPU
		{4510812B-9D5B-479E-A65B-F6194D488814}.Debug|Any CPU.Build.0 = Debug|Any CPU
		{4510812B-9D5B-479E-A65B-F6194D488814}.Release|Any CPU.ActiveCfg = Release|Any CPU
		{4510812B-9D5B-479E-A65B-F6194D488814}.Release|Any CPU.Build.0 = Release|Any CPU
		{4E785E28-3863-432A-BA01-6D6B8B719839}.Debug|Any CPU.ActiveCfg = Debug|Any CPU
		{4E785E28-3863-432A-BA01-6D6B8B719839}.Debug|Any CPU.Build.0 = Debug|Any CPU
		{4E785E28-3863-432A-BA01-6D6B8B719839}.Release|Any CPU.ActiveCfg = Release|Any CPU
		{4E785E28-3863-432A-BA01-6D6B8B719839}.Release|Any CPU.Build.0 = Release|Any CPU
		{773FB4C6-B67B-4189-BDB3-F75998A7EC84}.Debug|Any CPU.ActiveCfg = Debug|Any CPU
		{773FB4C6-B67B-4189-BDB3-F75998A7EC84}.Debug|Any CPU.Build.0 = Debug|Any CPU
		{773FB4C6-B67B-4189-BDB3-F75998A7EC84}.Release|Any CPU.ActiveCfg = Release|Any CPU
		{773FB4C6-B67B-4189-BDB3-F75998A7EC84}.Release|Any CPU.Build.0 = Release|Any CPU
	EndGlobalSection
	GlobalSection(SolutionProperties) = preSolution
		HideSolutionNode = FALSE
	EndGlobalSection
	GlobalSection(NestedProjects) = preSolution
		{F6C08922-4CA1-429C-A0EB-4252F9F3938E} = {E896B923-A77B-49F7-8250-7C2F303081B3}
		{4510812B-9D5B-479E-A65B-F6194D488814} = {546A213B-C12A-40EA-961F-0F420A51E8C7}
		{006E7FD3-7E97-49A0-B3DE-9F550B58B22E} = {546A213B-C12A-40EA-961F-0F420A51E8C7}
		{E896B923-A77B-49F7-8250-7C2F303081B3} = {546A213B-C12A-40EA-961F-0F420A51E8C7}
		{3707E456-456E-498F-88C5-7CAC9D2F8392} = {546A213B-C12A-40EA-961F-0F420A51E8C7}
		{4E785E28-3863-432A-BA01-6D6B8B719839} = {3707E456-456E-498F-88C5-7CAC9D2F8392}
		{773FB4C6-B67B-4189-BDB3-F75998A7EC84} = {006E7FD3-7E97-49A0-B3DE-9F550B58B22E}
	EndGlobalSection
	GlobalSection(ExtensibilityGlobals) = postSolution
		SolutionGuid = {B7F9F230-0B18-4A55-9A86-B160BBD15B3B}
	EndGlobalSection
EndGlobal
